version = 1
revision = 1
requires-python = ">=3.12"
resolution-markers = [
    "sys_platform == 'darwin'",
    "sys_platform == 'linux'",
]
supported-markers = [
    "sys_platform == 'darwin'",
    "sys_platform == 'linux'",
]

[[package]]
name = "greenlet"
version = "3.3.1"
source = { registry = "https://pypi.org/simple" }
sdist = { url = "https://files.pythonhosted.org/packages/8a/99/1cd3411c56a410994669062bd73dd58270c00cc074cac15f385a1fd91f8a/greenlet-3.3.1.tar.gz", hash = "sha256:41848f3230b58c08bb43dee542e74a2a2e34d3c59dc3076cec9151aeeedcae98", size = 184690 }
wheels = [
    { url = "https://files.pythonhosted.org/packages/f9/c8/9d76a66421d1ae24340dfae7e79c313957f6e3195c144d2c73333b5bfe34/greenlet-3.3.1-cp312-cp312-macosx_11_0_universal2.whl", hash = "sha256:7e806ca53acf6d15a888405880766ec84721aa4181261cd11a457dfe9a7a4975", size = 276443 },
    { url = "https://files.pythonhosted.org/packages/ec/ab/d26750f2b7242c2b90ea2ad71de70cfcd73a948a49513188a0fc0d6fc15a/greenlet-3.3.1-cp313-cp313-macosx_11_0_universal2.whl", hash = "sha256:7ab327905cabb0622adca5971e488064e35115430cec2c35a50fd36e72a315b3", size = 275205 },
    { url = "https://files.pythonhosted.org/packages/ae/fb/011c7c717213182caf78084a9bea51c8590b0afda98001f69d9f853a495b/greenlet-3.3.1-cp314-cp314-macosx_11_0_universal2.whl", hash = "sha256:bd59acd8529b372775cd0fcbc5f420ae20681c5b045ce25bd453ed8455ab99b5", size = 275737 },
    { url = "https://files.pythonhosted.org/packages/28/24/cbbec49bacdcc9ec652a81d3efef7b59f326697e7edf6ed775a5e08e54c2/greenlet-3.3.1-cp314-cp314t-macosx_11_0_universal2.whl", hash = "sha256:3e63252943c921b90abb035ebe9de832c436401d9c45f262d80e2d06cc659242", size = 282706 },
]

[[package]]
name = "lxml"
version = "6.1.1"
source = { registry = "https://pypi.org/simple" }
sdist = { url = "https://files.pythonhosted.org/packages/05/3b/aab6728cae887456f409b4d75e8a01856e4f04bd510de38052a47768b680/lxml-6.1.1.tar.gz", hash = "sha256:ba96ae44888e0185281e937633a743ea90d5a196c6000f82565ebb0580012d40", size = 4197430 }
wheels = [
    { url = "https://files.pythonhosted.org/packages/6a/6e/c4add832b6fc1e887125b96f880d7b9b70aae5248718e046b1704bcac4b9/lxml-6.1.1-cp312-cp312-macosx_10_13_universal2.whl", hash = "sha256:104c09bda8d2a562824c0e319d0768ce26a779b7601e0931d33b09b53c392ef7", size = 8570821 },
    { url = "https://files.pythonhosted.org/packages/22/00/ff3009c88e65de8011630acf8ab5a09cb2becd2aaf47fba2f3449f6224e9/lxml-6.1.1-cp312-cp312-macosx_10_13_x86_64.whl", hash = "sha256:25c6997a9a534e016695a0ba06b2f07945de682731ff01065b6d5a4474179da1", size = 4624252 },
    { url = "https://files.pythonhosted.org/packages/42/95/bb63f0fd62e554fe078e1fb3c8fe9083c14ddc7ad7fa178d10e57e071ac7/lxml-6.1.1-cp312-cp312-manylinux2014_aarch64.manylinux_2_17_aarch64.whl", hash = "sha256:c921ba5c51e4e9f63b8b00267d06566e1f63407408a0496da2d1d0bfc819c7fc", size = 4930746 },
    { url = "https://files.pythonhosted.org/packages/eb/99/0013e8d9b5960f4f041cf0b73e2f80c23eb5205b1f7bfb20203243651359/lxml-6.1.1-cp312-cp312-manylinux2014_x86_64.manylinux_2_17_x86_64.whl", hash = "sha256:54a7f95e4de5fb94e2f9f4b9055c6ba33bf3d628fd77a1d647c5923caa2cdcdc", size = 5093723 },
    { url = "https://files.pythonhosted.org/packages/29/91/317b332636bfc7bddcff828d41b3307f50043f4b237e40849c333d80fa1a/lxml-6.1.1-cp312-cp312-manylinux_2_26_aarch64.manylinux_2_28_aarch64.whl", hash = "sha256:96f2ec43df44b1f76249ee0a615334f9b5b060e1c8bd90e706dad2d14d02f383", size = 5005557 },
    { url = "https://files.pythonhosted.org/packages/42/2f/cc9bf06afe70f9c9093ae60855d9759da9db601ec4080f7473319666ffd7/lxml-6.1.1-cp312-cp312-manylinux_2_26_ppc64le.manylinux_2_28_ppc64le.whl", hash = "sha256:70ef8a7e102a1508f8121aae5b0867abd663f72c14f0a9c937e6554cb4587b7b", size = 5631036 },
    { url = "https://files.pythonhosted.org/packages/08/f6/af32e23e563971ffb0fb86be52bc5be5c2c118858ffc119bf6a9039b173d/lxml-6.1.1-cp312-cp312-manylinux_2_26_x86_64.manylinux_2_28_x86_64.whl", hash = "sha256:ebe6af670449830d6d9b752c256a983291c766a1365ba5d5460048f9e33a7818", size = 5240367 },
    { url = "https://files.pythonhosted.org/packages/78/83/8555d40948b09ce86f1bd0c68a7ac31d07b1929f92cc1b074006c97ef2d2/lxml-6.1.1-cp312-cp312-manylinux_2_28_i686.whl", hash = "sha256:27acc820660aaffa4f7c087f29120e12980f7779d56d8492d263170111284740", size = 5350171 },
    { url = "https://files.pythonhosted.org/packages/63/75/5d92da93729b7bad783689e6496049fa40927b45bec7bf183c981de3ca70/lxml-6.1.1-cp312-cp312-manylinux_2_31_armv7l.whl", hash = "sha256:1db753c9115ec7100d073b744d17e25e88a8f90f5c39b2f5dd878149af59671f", size = 4694874 },
    { url = "https://files.pythonhosted.org/packages/c5/b5/3aad415a9a25b822e783f15deeb4dffccf5113030f1afa2222dd929313d9/lxml-6.1.1-cp312-cp312-manylinux_2_38_riscv64.manylinux_2_39_riscv64.whl", hash = "sha256:c4f469aebd783bb741c2ecb2a681008fd26bfe5c16a9a72ed5467f834e810df2", size = 5244492 },
    { url = "https://files.pythonhosted.org/packages/f1/a1/5fcf7eb9904b80086aa47dcf0027de07b1bb990afad2e6823144c368ae04/lxml-6.1.1-cp312-cp312-musllinux_1_2_aarch64.whl", hash = "sha256:766b010012d59470072c1816b5b6c69f1d243e5db36ea5968e94accf430a4635", size = 5048232 },
    { url = "https://files.pythonhosted.org/packages/77/74/1f601b63c7a69fcdf10fa9b148c81da8442204194f6c55509cc485c786b9/lxml-6.1.1-cp312-cp312-musllinux_1_2_armv7l.whl", hash = "sha256:b8d812c6011c08b8111a15e54dd990b8923692d80adf35488bee34026c35accf", size = 4777023 },
    { url = "https://files.pythonhosted.org/packages/a2/b9/7a78f51aec95b1bf780d78e12705a9f6533284f8693dc5c0e6724fa53d3f/lxml-6.1.1-cp312-cp312-musllinux_1_2_ppc64le.whl", hash = "sha256:fe0306bd29505a9177aac19f1877174b0e7422c222a59f70b2cd41633448c3dc", size = 5645773 },
    { url = "https://files.pythonhosted.org/packages/a5/6e/98a7b7ad54e4e74fa1f20fff776913980619d0ebe5558232d7da6580bdd8/lxml-6.1.1-cp312-cp312-musllinux_1_2_riscv64.whl", hash = "sha256:5ba186ad207446c65d3bb3d3e0412b032b1d9f595e59861e2354798c5703d955", size = 5233088 },
    { url = "https://files.pythonhosted.org/packages/65/d1/bc0ed2427bf609f2ee10da303a6a226f9c8bce94f945dc29a32ce55de6e4/lxml-6.1.1-cp312-cp312-musllinux_1_2_x86_64.whl", hash = "sha256:aa366a1e55b8ebfe8ca8ddc3cfe75c8ebade181aeb0f661d0cb05986b647f72a", size = 5260995 },
    { url = "https://files.pythonhosted.org/packages/a5/eb/7e6f37c5584ccbb2ff267f56fd0339016938c1c8684cfefab9b33ffc2f36/lxml-6.1.1-cp313-cp313-macosx_10_13_universal2.whl", hash = "sha256:68a9198d0fc122d14bb76837de9aa80cf84caed990b5b237f532ed87d3706736", size = 8559780 },
    { url = "https://files.pythonhosted.org/packages/a1/36/587c2521cf23a2cd6c9c22108aa7528f683a1f195ed7ccd23a4b1786ad36/lxml-6.1.1-cp313-cp313-macosx_10_13_x86_64.whl", hash = "sha256:7d47866cb32fb503450b6edc9df355d10dc49836af2e89901bd6ac6b0896d9d9", size = 4618006 },
    { url = "https://files.pythonhosted.org/packages/6e/ca/ab7bfe2bf4c972af5e7878262845ead3a24a929a9b04bc11c7c1ece6c82a/lxml-6.1.1-cp313-cp313-manylinux2014_aarch64.manylinux_2_17_aarch64.whl", hash = "sha256:eb7c9811bfaa8b1ed5ed319f5d370dfbcaa59d52ea64be2a5a85e18195930354", size = 4924139 },
    { url = "https://files.pythonhosted.org/packages/6b/55/a0c72851dfee5ecc689f949723a73dea457758912542cb955b108eaf0d8f/lxml-6.1.1-cp313-cp313-manylinux2014_x86_64.manylinux_2_17_x86_64.whl", hash = "sha256:762ff394d5bd56da0cf034a23dcce4e13923f15321a2adfa2ac00201dc6d3fca", size = 5082329 },
    { url = "https://files.pythonhosted.org/packages/f0/b6/0608f7d61a3b96cc67e5648a3d906e31a5082093e10e7be65b3886289938/lxml-6.1.1-cp313-cp313-manylinux_2_26_aarch64.manylinux_2_28_aarch64.whl", hash = "sha256:a088f287f7d8275a33c07f2cac6c50b9319309a0200a39e7e75d80c707723099", size = 4993564 },
    { url = "https://files.pythonhosted.org/packages/4c/66/ae227524b066d29d55bf0b453d93d2d793c40218657d643dcbbca13b8faf/lxml-6.1.1-cp313-cp313-manylinux_2_26_ppc64le.manylinux_2_28_ppc64le.whl", hash = "sha256:e902da4b04e6b52e5893900d4b8ab46068f75f3561f01bf1080957f9fd932ed6", size = 5613467 },
    { url = "https://files.pythonhosted.org/packages/a6/76/dbe4a00b50385e40194231dcfe5a12c059de7cf90e89c83407d2b085b719/lxml-6.1.1-cp313-cp313-manylinux_2_26_x86_64.manylinux_2_28_x86_64.whl", hash = "sha256:1d4962d4c66bf830a7e59ed6cfc17d148149898a3aefa8ec6e59763e6e3ed085", size = 5228304 },
    { url = "https://files.pythonhosted.org/packages/1c/01/00b1b8442ed2041793336868ba0b9ea4b13d7da7c085c6404c207a63bf79/lxml-6.1.1-cp313-cp313-manylinux_2_28_i686.whl", hash = "sha256:581d4c8ae690a6609e64862dd6b7c2489635c2d13907fc2b20f2bc200ff1d21e", size = 5341607 },
    { url = "https://files.pythonhosted.org/packages/63/36/1ad29931e9a4638bb707869f01d423a6c815f82152138d1a40dfcfde2b95/lxml-6.1.1-cp313-cp313-manylinux_2_31_armv7l.whl", hash = "sha256:876e1ff5930ed8bf295ec5ef9a8155e9b6b1876bbf1deed8b3a8069311875a8f", size = 4700168 },
    { url = "https://files.pythonhosted.org/packages/3c/d1/a9536cecf9be18a0dc72d32bead283a2332d1ffebd2dd3ac70ce444686e5/lxml-6.1.1-cp313-cp313-manylinux_2_38_riscv64.manylinux_2_39_riscv64.whl", hash = "sha256:9eb9b5a968f6e0f6d640092a567e14529ff8cea2e29d00da6f78a79fa49f013c", size = 5232487 },
    { url = "https://files.pythonhosted.org/packages/0e/77/b4fb1e03bf5d130e879214d3100092e386418807fb74dd0adc4b0a48f351/lxml-6.1.1-cp313-cp313-musllinux_1_2_aarch64.whl", hash = "sha256:aa49e06d94aba782c6a02eecb7e507969e7e7a41b267f1b359bb35585f295d5b", size = 5044231 },
    { url = "https://files.pythonhosted.org/packages/26/4c/d00daeeb0a5530c4028a9232aa1b93db3ef4ed2158c116ea73c79a9765b3/lxml-6.1.1-cp313-cp313-musllinux_1_2_armv7l.whl", hash = "sha256:70cdfd80589d59e43e18005dd7244e8895e93db8ab6a620b7e23df5445a4e3d2", size = 4769450 },
    { url = "https://files.pythonhosted.org/packages/ed/6a/715a3a8d156ce42f29cf014706f5410c2ff3b02267774110fc23266409fe/lxml-6.1.1-cp313-cp313-musllinux_1_2_ppc64le.whl", hash = "sha256:aad9aa39483ed8ec44d6d2e59e5b98a0d80676ef0d92f44bfc374836111f62f5", size = 5635874 },
    { url = "https://files.pythonhosted.org/packages/45/37/0544bc21dde2a88f3a17b504e6fc79c0e01d25a33c2f6079724e9e72b9c7/lxml-6.1.1-cp313-cp313-musllinux_1_2_riscv64.whl", hash = "sha256:d49514be2f28d895c38cf9d2b72d7b9a07d00314519f456c0b50b53cfcf4c785", size = 5223987 },
    { url = "https://files.pythonhosted.org/packages/4d/f8/f6a5e8185bcb28c2befae3d31f8e3df3b811cb0f47746517a81279fcafe1/lxml-6.1.1-cp313-cp313-musllinux_1_2_x86_64.whl", hash = "sha256:47402e62c52ff5988c1e8c6c63177f5708bccf48e366dea4e3dcf1e645e04947", size = 5250276 },
    { url = "https://files.pythonhosted.org/packages/13/e2/2e325795566de01d0d7c3bb57d3c370616b2d07b01214e84eec5d3b10963/lxml-6.1.1-cp314-cp314-macosx_10_15_universal2.whl", hash = "sha256:19b7ab10b210b0b3ad7985d9ac4eb66ab09a90b20fe6e2f7ba55d01a234345d0", size = 8577146 },
    { url = "https://files.pythonhosted.org/packages/93/cf/5630b5e4be7d2e6bee8efe83865c925221103cf0221303b104ce134b01e2/lxml-6.1.1-cp314-cp314-macosx_10_15_x86_64.whl", hash = "sha256:c08e5c694306507275f2290073350c4f32e383db15213b2c69e7ff39c1193840", size = 4623866 },
    { url = "https://files.pythonhosted.org/packages/d2/51/3904907c063451cf8d4a5c9fe0cad95fa1f4ec57f4e3884fa0731bd7a305/lxml-6.1.1-cp314-cp314-manylinux2014_aarch64.manylinux_2_17_aarch64.whl", hash = "sha256:74a9717fd0d82effef5c2854f0d917231d5324b5a3eb7275c43ac9fa32f97a14", size = 4950022 },
    { url = "https://files.pythonhosted.org/packages/94/cd/9c7611a51c37a2830928405817cc5d56a97f64fab83cc3f628748b135749/lxml-6.1.1-cp314-cp314-manylinux2014_x86_64.manylinux_2_17_x86_64.whl", hash = "sha256:efe0374196335f93b53269acd811b944f2e6bdc88e8894f214bd636455484909", size = 5086695 },
    { url = "https://files.pythonhosted.org/packages/da/d6/24e3b5906abb0b674ff2ae195bc3ce59708df2bcd17cf17703b2d7dd643a/lxml-6.1.1-cp314-cp314-manylinux_2_26_aarch64.manylinux_2_28_aarch64.whl", hash = "sha256:ac931cdc9442c1763b8a8f6cd62c0c938737eafc5be75eff88df55fc73bc0d00", size = 5031642 },
    { url = "https://files.pythonhosted.org/packages/2d/db/6ec54f99019838bff54785c51da07f189eb4676861c5f2730962b0d8d665/lxml-6.1.1-cp314-cp314-manylinux_2_26_ppc64le.manylinux_2_28_ppc64le.whl", hash = "sha256:aee395f5d0927f947758b4ec119fd5fc8ec71f07a1c5c52077b30b04c0fa6955", size = 5647338 },
    { url = "https://files.pythonhosted.org/packages/42/3d/ef4dcfffd22d27a61805d8ed9f7fb888495bc6aa88648fa07c1eaa5586b6/lxml-6.1.1-cp314-cp314-manylinux_2_26_x86_64.manylinux_2_28_x86_64.whl", hash = "sha256:9395002973c827b3ed67db77e6ec09f092919a587022174554096a269378fb13", size = 5239528 },
    { url = "https://files.pythonhosted.org/packages/62/bb/37fb3f0dff146bdcfa78eec47879273820b2a0bf350ec236ce14bd0b1c26/lxml-6.1.1-cp314-cp314-manylinux_2_28_i686.whl", hash = "sha256:73bc2086f141224ebddb7fc5c6a36ca58b31b94b561e1dfe8e073e3270fad1e7", size = 5350730 },
    { url = "https://files.pythonhosted.org/packages/90/42/43253f168388df4fae1f38c01df36ddb9bee39e2048167b54cdcbae85ea3/lxml-6.1.1-cp314-cp314-manylinux_2_31_armv7l.whl", hash = "sha256:3779def59032b81e44a5f70096ef6bf2082f8d901937dca354474ba09782e245", size = 4697530 },
    { url = "https://files.pythonhosted.org/packages/eb/a8/c5a8504f81bbdfc8e7094c2c850cdb4ed6777fc4d5ddd9e5ab819f3b0d54/lxml-6.1.1-cp314-cp314-manylinux_2_38_riscv64.manylinux_2_39_riscv64.whl", hash = "sha256:86c89b9d55ebf820ad7c90bc533410f0d098054f293351f10603c0c46ff598f5", size = 5250670 },
    { url = "https://files.pythonhosted.org/packages/77/b7/c7e76ab18744d75e21f320ebf9ff9d1ceae2b54dd431ea5a64caf26c9672/lxml-6.1.1-cp314-cp314-musllinux_1_2_aarch64.whl", hash = "sha256:19607c6bbff2a44cf3fe8250abccd20942d3462473e0a721d01d379ed017e462", size = 5084485 },
    { url = "https://files.pythonhosted.org/packages/31/31/b35c53f8ef7b7c31cacd23d3638652fff7bcd1deb6eedb709ab43b685908/lxml-6.1.1-cp314-cp314-musllinux_1_2_armv7l.whl", hash = "sha256:c6ed5141a5c7507cf3ee76bd363b0d6f801e3321adc35b5d825a23115faa5465", size = 4737635 },
    { url = "https://files.pythonhosted.org/packages/d9/06/31f23c813a7fe8e0cb1b175e915b08c9bf4e86d225b210feadbdbe519667/lxml-6.1.1-cp314-cp314-musllinux_1_2_ppc64le.whl", hash = "sha256:62aeb7e85b5d60320b9d77eef2e773994e2c0ce10121b277e0a19804e1654a5a", size = 5670681 },
    { url = "https://files.pythonhosted.org/packages/1a/bc/ce619bccc89b1fd9ad8a8e1330ee3f3beff9f2ff95b712d7bbcdd6e22fc3/lxml-6.1.1-cp314-cp314-musllinux_1_2_riscv64.whl", hash = "sha256:b1b963fd8f5caa68e99dfae060d54de1fe9cba899b8718b44a00cdca53c3e590", size = 5238229 },
    { url = "https://files.pythonhosted.org/packages/2f/5d/b329acbbedc0b619ebc2be6cf7ee9ed07e80892c88d4dfd612c33805789a/lxml-6.1.1-cp314-cp314-musllinux_1_2_x86_64.whl", hash = "sha256:63876be28efefa04a1df615b46770e82042cce445cfdce55160522f57b231ccb", size = 5264191 },
    { url = "https://files.pythonhosted.org/packages/78/b2/00ed55b3a2efa4658fb795c38d1090ec9b3e8a6c3683d4441fa517f09c3b/lxml-6.1.1-cp314-cp314t-macosx_10_15_universal2.whl", hash = "sha256:787b2496d0dbe8cd180984e8d29e3a6f76e7ea34db781cb3bd55e4ba1ef8b4ee", size = 8827545 },
    { url = "https://files.pythonhosted.org/packages/c0/73/74573db19baa618d5f266f2407898b087ff6927115b00b71e5fc1b700847/lxml-6.1.1-cp314-cp314t-macosx_10_15_x86_64.whl", hash = "sha256:2c8daa471358dc2d6fcf02165e80ec68f77871a286df95bc5cc3816153b0fd2c", size = 4735736 },
    { url = "https://files.pythonhosted.org/packages/16/02/6f7061f4f95f51e545d48e87647c54791d204a4e881be4156e7a26ba5338/lxml-6.1.1-cp314-cp314t-manylinux2014_aarch64.manylinux_2_17_aarch64.whl", hash = "sha256:acd7d70b64c0aae0c7922cca83d288a16f5f6da523637697872253415269baef", size = 4970291 },
    { url = "https://files.pythonhosted.org/packages/b0/02/55fc057d8283427dea7d6edb102e7a840239c77a64a983d92f62a304c0e9/lxml-6.1.1-cp314-cp314t-manylinux2014_x86_64.manylinux_2_17_x86_64.whl", hash = "sha256:4f0dd2f01f9f8a89f565d000e03abcf0a13d692a346c8d22f628d49af098777a", size = 5102822 },
    { url = "https://files.pythonhosted.org/packages/e4/48/8e1cf78d89d66850121d9255a2a24414c98f775da93b90cf976956c24b14/lxml-6.1.1-cp314-cp314t-manylinux_2_26_aarch64.manylinux_2_28_aarch64.whl", hash = "sha256:0b7e8a14c8634bf6f7a568634cb395305a6d964aeb5b7ee32248094bed3a7e2c", size = 5027923 },
    { url = "https://files.pythonhosted.org/packages/ed/00/0632a0647612c8af24d26997b3b961397daa9d5b2581444805933629a4cb/lxml-6.1.1-cp314-cp314t-manylinux_2_26_ppc64le.manylinux_2_28_ppc64le.whl", hash = "sha256:86281fbdd6a8162756f8d603f37e3435bfa38043adb79c6dc6a2dfee065e7525", size = 5595843 },
    { url = "https://files.pythonhosted.org/packages/bc/86/ab008a7dc360711b66858d61c80a5979a70a09f2aa2b05d9698df80b803d/lxml-6.1.1-cp314-cp314t-manylinux_2_26_x86_64.manylinux_2_28_x86_64.whl", hash = "sha256:c5d7152ec39ca7c402d8fb9bad86140a15b9503bd0c54484e3f1bbe3dd37ceca", size = 5224515 },
    { url = "https://files.pythonhosted.org/packages/75/c6/2702ff375e728e34f56d9a45339a9cf7e4427e917f542225242d63a05afa/lxml-6.1.1-cp314-cp314t-manylinux_2_28_i686.whl", hash = "sha256:88d8cb75b9d82858497a5393e3c63cfbf03035225e4b35a49ed7ccb151e4dc0e", size = 5312511 },
    { url = "https://files.pythonhosted.org/packages/b7/57/a5807c98f87a86f10ef9ffab35516df7c0f0c4b6d5d33e9f608ab9c04a31/lxml-6.1.1-cp314-cp314t-manylinux_2_31_armv7l.whl", hash = "sha256:f64ec5397ea6a41fc1b4af0380d79b44a755b5531dcaccd9940fb260dca93038", size = 4639206 },
    { url = "https://files.pythonhosted.org/packages/1f/e1/8a0a2c35734812395f4da4eaf33748a7e5705bfb2a58b128da764339d5ec/lxml-6.1.1-cp314-cp314t-manylinux_2_38_riscv64.manylinux_2_39_riscv64.whl", hash = "sha256:d34bbf07dbc7ca5970671b1512e928991fb5e9d95365636c9b2d8b4f53af405e", size = 5232404 },
    { url = "https://files.pythonhosted.org/packages/c2/e2/0e6a4dd5ad84d01d99aa7bae7cfefd4a760a0e0f8176818241de17d9b6c0/lxml-6.1.1-cp314-cp314t-musllinux_1_2_aarch64.whl", hash = "sha256:17e0e18d4ad8adbd0399291bc44845b69d9dd68439a3cdebdf35ff902ec05072", size = 5083769 },
    { url = "https://files.pythonhosted.org/packages/a0/7e/161f33d463f6ffc1c7679104b65086dea120080d49dde4d238f015aaee2f/lxml-6.1.1-cp314-cp314t-musllinux_1_2_armv7l.whl", hash = "sha256:3ab541146f1f6968c462d6c2ac495148e8cdba2f8347700b2141b6ec5a75bf52", size = 4758936 },
    { url = "https://files.pythonhosted.org/packages/f1/fb/2369825e3f6ca99305bf9f7b7085fda91c8b0922a89e54d900974aa3ef85/lxml-6.1.1-cp314-cp314t-musllinux_1_2_ppc64le.whl", hash = "sha256:2a0217714657e023ef4293500f65aa20fce6164c8fd6b08fa5bd4a859fb14b9b", size = 5620296 },
    { url = "https://files.pythonhosted.org/packages/30/90/d61e383146f74c5ab683947ea14dc7b82778838ab9b95ea73a23b60d0191/lxml-6.1.1-cp314-cp314t-musllinux_1_2_riscv64.whl", hash = "sha256:05a82eb6e1530a64f26225b55cbd178113bd0b5af1c2b625f25e5296742c26d2", size = 5228598 },
    { url = "https://files.pythonhosted.org/packages/76/2d/2dafd8149e94b05bb070690efd5bb2680720681e03ff03fc57d2b70a1105/lxml-6.1.1-cp314-cp314t-musllinux_1_2_x86_64.whl", hash = "sha256:9e36f163528fc50cbef305f02a5fd66d404edf7049cdaff211dbc2cba5a7013e", size = 5247845 },
]

[[package]]
name = "pillow"
version = "12.2.0"
source = { registry = "https://pypi.org/simple" }
sdist = { url = "https://files.pythonhosted.org/packages/8c/21/c2bcdd5906101a30244eaffc1b6e6ce71a31bd0742a01eb89e660ebfac2d/pillow-12.2.0.tar.gz", hash = "sha256:a830b1a40919539d07806aa58e1b114df53ddd43213d9c8b75847eee6c0182b5", size = 46987819 }
wheels = [
    { url = "https://files.pythonhosted.org/packages/58/be/7482c8a5ebebbc6470b3eb791812fff7d5e0216c2be3827b30b8bb6603ed/pillow-12.2.0-cp312-cp312-macosx_10_13_x86_64.whl", hash = "sha256:2d192a155bbcec180f8564f693e6fd9bccff5a7af9b32e2e4bf8c9c69dbad6b5", size = 5308279 },
    { url = "https://files.pythonhosted.org/packages/d8/95/0a351b9289c2b5cbde0bacd4a83ebc44023e835490a727b2a3bd60ddc0f4/pillow-12.2.0-cp312-cp312-macosx_11_0_arm64.whl", hash = "sha256:f3f40b3c5a968281fd507d519e444c35f0ff171237f4fdde090dd60699458421", size = 4695490 },
    { url = "https://files.pythonhosted.org/packages/de/af/4e8e6869cbed569d43c416fad3dc4ecb944cb5d9492defaed89ddd6fe871/pillow-12.2.0-cp312-cp312-manylinux2014_aarch64.manylinux_2_17_aarch64.whl", hash = "sha256:03e7e372d5240cc23e9f07deca4d775c0817bffc641b01e9c3af208dbd300987", size = 6284462 },
    { url = "https://files.pythonhosted.org/packages/e9/9e/c05e19657fd57841e476be1ab46c4d501bffbadbafdc31a6d665f8b737b6/pillow-12.2.0-cp312-cp312-manylinux2014_x86_64.manylinux_2_17_x86_64.whl", hash = "sha256:b86024e52a1b269467a802258c25521e6d742349d760728092e1bc2d135b4d76", size = 8094744 },
    { url = "https://files.pythonhosted.org/packages/2b/54/1789c455ed10176066b6e7e6da1b01e50e36f94ba584dc68d9eebfe9156d/pillow-12.2.0-cp312-cp312-manylinux_2_27_aarch64.manylinux_2_28_aarch64.whl", hash = "sha256:7371b48c4fa448d20d2714c9a1f775a81155050d383333e0a6c15b1123dda005", size = 6398371 },
    { url = "https://files.pythonhosted.org/packages/43/e3/fdc657359e919462369869f1c9f0e973f353f9a9ee295a39b1fea8ee1a77/pillow-12.2.0-cp312-cp312-manylinux_2_27_x86_64.manylinux_2_28_x86_64.whl", hash = "sha256:62f5409336adb0663b7caa0da5c7d9e7bdbaae9ce761d34669420c2a801b2780", size = 7087215 },
    { url = "https://files.pythonhosted.org/packages/8b/f8/2f6825e441d5b1959d2ca5adec984210f1ec086435b0ed5f52c19b3b8a6e/pillow-12.2.0-cp312-cp312-musllinux_1_2_aarch64.whl", hash = "sha256:01afa7cf67f74f09523699b4e88c73fb55c13346d212a59a2db1f86b0a63e8c5", size = 6509783 },
    { url = "https://files.pythonhosted.org/packages/67/f9/029a27095ad20f854f9dba026b3ea6428548316e057e6fc3545409e86651/pillow-12.2.0-cp312-cp312-musllinux_1_2_x86_64.whl", hash = "sha256:fc3d34d4a8fbec3e88a79b92e5465e0f9b842b628675850d860b8bd300b159f5", size = 7212112 },
    { url = "https://files.pythonhosted.org/packages/34/46/6c717baadcd62bc8ed51d238d521ab651eaa74838291bda1f86fe1f864c9/pillow-12.2.0-cp313-cp313-macosx_10_13_x86_64.whl", hash = "sha256:5d2fd0fa6b5d9d1de415060363433f28da8b1526c1c129020435e186794b3795", size = 5308094 },
    { url = "https://files.pythonhosted.org/packages/71/43/905a14a8b17fdb1ccb58d282454490662d2cb89a6bfec26af6d3520da5ec/pillow-12.2.0-cp313-cp313-macosx_11_0_arm64.whl", hash = "sha256:56b25336f502b6ed02e889f4ece894a72612fe885889a6e8c4c80239ff6e5f5f", size = 4695402 },
    { url = "https://files.pythonhosted.org/packages/73/dd/42107efcb777b16fa0393317eac58f5b5cf30e8392e266e76e51cff28c3d/pillow-12.2.0-cp313-cp313-manylinux2014_aarch64.manylinux_2_17_aarch64.whl", hash = "sha256:f1c943e96e85df3d3478f7b691f229887e143f81fedab9b20205349ab04d73ed", size = 6280005 },
    { url = "https://files.pythonhosted.org/packages/a8/68/b93e09e5e8549019e61acf49f65b1a8530765a7f812c77a7461bca7e4494/pillow-12.2.0-cp313-cp313-manylinux2014_x86_64.manylinux_2_17_x86_64.whl", hash = "sha256:03f6fab9219220f041c74aeaa2939ff0062bd5c364ba9ce037197f4c6d498cd9", size = 8090669 },
    { url = "https://files.pythonhosted.org/packages/4b/6e/3ccb54ce8ec4ddd1accd2d89004308b7b0b21c4ac3d20fa70af4760a4330/pillow-12.2.0-cp313-cp313-manylinux_2_27_aarch64.manylinux_2_28_aarch64.whl", hash = "sha256:5cdfebd752ec52bf5bb4e35d9c64b40826bc5b40a13df7c3cda20a2c03a0f5ed", size = 6395194 },
    { url = "https://files.pythonhosted.org/packages/67/ee/21d4e8536afd1a328f01b359b4d3997b291ffd35a237c877b331c1c3b71c/pillow-12.2.0-cp313-cp313-manylinux_2_27_x86_64.manylinux_2_28_x86_64.whl", hash = "sha256:eedf4b74eda2b5a4b2b2fb4c006d6295df3bf29e459e198c90ea48e130dc75c3", size = 7082423 },
    { url = "https://files.pythonhosted.org/packages/78/5f/e9f86ab0146464e8c133fe85df987ed9e77e08b29d8d35f9f9f4d6f917ba/pillow-12.2.0-cp313-cp313-musllinux_1_2_aarch64.whl", hash = "sha256:00a2865911330191c0b818c59103b58a5e697cae67042366970a6b6f1b20b7f9", size = 6505667 },
    { url = "https://files.pythonhosted.org/packages/ed/1e/409007f56a2fdce61584fd3acbc2bbc259857d555196cedcadc68c015c82/pillow-12.2.0-cp313-cp313-musllinux_1_2_x86_64.whl", hash = "sha256:1e1757442ed87f4912397c6d35a0db6a7b52592156014706f17658ff58bbf795", size = 7208580 },
    { url = "https://files.pythonhosted.org/packages/4d/a4/b342930964e3cb4dce5038ae34b0eab4653334995336cd486c5a8c25a00c/pillow-12.2.0-cp313-cp313t-macosx_10_13_x86_64.whl", hash = "sha256:042db20a421b9bafecc4b84a8b6e444686bd9d836c7fd24542db3e7df7baad9b", size = 5309927 },
    { url = "https://files.pythonhosted.org/packages/9f/de/23198e0a65a9cf06123f5435a5d95cea62a635697f8f03d134d3f3a96151/pillow-12.2.0-cp313-cp313t-macosx_11_0_arm64.whl", hash = "sha256:dd025009355c926a84a612fecf58bb315a3f6814b17ead51a8e48d3823d9087f", size = 4698624 },
    { url = "https://files.pythonhosted.org/packages/01/a6/1265e977f17d93ea37aa28aa81bad4fa597933879fac2520d24e021c8da3/pillow-12.2.0-cp313-cp313t-manylinux2014_aarch64.manylinux_2_17_aarch64.whl", hash = "sha256:88ddbc66737e277852913bd1e07c150cc7bb124539f94c4e2df5344494e0a612", size = 6321252 },
    { url = "https://files.pythonhosted.org/packages/3c/83/5982eb4a285967baa70340320be9f88e57665a387e3a53a7f0db8231a0cd/pillow-12.2.0-cp313-cp313t-manylinux2014_x86_64.manylinux_2_17_x86_64.whl", hash = "sha256:d362d1878f00c142b7e1a16e6e5e780f02be8195123f164edf7eddd911eefe7c", size = 8126550 },
    { url = "https://files.pythonhosted.org/packages/4e/48/6ffc514adce69f6050d0753b1a18fd920fce8cac87620d5a31231b04bfc5/pillow-12.2.0-cp313-cp313t-manylinux_2_27_aarch64.manylinux_2_28_aarch64.whl", hash = "sha256:2c727a6d53cb0018aadd8018c2b938376af27914a68a492f59dfcaca650d5eea", size = 6433114 },
    { url = "https://files.pythonhosted.org/packages/36/a3/f9a77144231fb8d40ee27107b4463e205fa4677e2ca2548e14da5cf18dce/pillow-12.2.0-cp313-cp313t-manylinux_2_27_x86_64.manylinux_2_28_x86_64.whl", hash = "sha256:efd8c21c98c5cc60653bcb311bef2ce0401642b7ce9d09e03a7da87c878289d4", size = 7115667 },
    { url = "https://files.pythonhosted.org/packages/c1/fc/ac4ee3041e7d5a565e1c4fd72a113f03b6394cc72ab7089d27608f8aaccb/pillow-12.2.0-cp313-cp313t-musllinux_1_2_aarch64.whl", hash = "sha256:9f08483a632889536b8139663db60f6724bfcb443c96f1b18855860d7d5c0fd4", size = 6538966 },
    { url = "https://files.pythonhosted.org/packages/c0/a8/27fb307055087f3668f6d0a8ccb636e7431d56ed0750e07a60547b1e083e/pillow-12.2.0-cp313-cp313t-musllinux_1_2_x86_64.whl", hash = "sha256:dac8d77255a37e81a2efcbd1fc05f1c15ee82200e6c240d7e127e25e365c39ea", size = 7238241 },
    { url = "https://files.pythonhosted.org/packages/71/e0/fb22f797187d0be2270f83500aab851536101b254bfa1eae10795709d283/pillow-12.2.0-cp314-cp314-macosx_10_15_x86_64.whl", hash = "sha256:2bb4a8d594eacdfc59d9e5ad972aa8afdd48d584ffd5f13a937a664c3e7db0ed", size = 5312185 },
    { url = "https://files.pythonhosted.org/packages/ba/8c/1a9e46228571de18f8e28f16fabdfc20212a5d019f3e3303452b3f0a580d/pillow-12.2.0-cp314-cp314-macosx_11_0_arm64.whl", hash = "sha256:80b2da48193b2f33ed0c32c38140f9d3186583ce7d516526d462645fd98660ae", size = 4695386 },
    { url = "https://files.pythonhosted.org/packages/70/62/98f6b7f0c88b9addd0e87c217ded307b36be024d4ff8869a812b241d1345/pillow-12.2.0-cp314-cp314-manylinux2014_aarch64.manylinux_2_17_aarch64.whl", hash = "sha256:22db17c68434de69d8ecfc2fe821569195c0c373b25cccb9cbdacf2c6e53c601", size = 6280384 },
    { url = "https://files.pythonhosted.org/packages/5e/03/688747d2e91cfbe0e64f316cd2e8005698f76ada3130d0194664174fa5de/pillow-12.2.0-cp314-cp314-manylinux2014_x86_64.manylinux_2_17_x86_64.whl", hash = "sha256:7b14cc0106cd9aecda615dd6903840a058b4700fcb817687d0ee4fc8b6e389be", size = 8091599 },
    { url = "https://files.pythonhosted.org/packages/f6/35/577e22b936fcdd66537329b33af0b4ccfefaeabd8aec04b266528cddb33c/pillow-12.2.0-cp314-cp314-manylinux_2_27_aarch64.manylinux_2_28_aarch64.whl", hash = "sha256:8cbeb542b2ebc6fcdacabf8aca8c1a97c9b3ad3927d46b8723f9d4f033288a0f", size = 6396021 },
    { url = "https://files.pythonhosted.org/packages/11/8d/d2532ad2a603ca2b93ad9f5135732124e57811d0168155852f37fbce2458/pillow-12.2.0-cp314-cp314-manylinux_2_27_x86_64.manylinux_2_28_x86_64.whl", hash = "sha256:4bfd07bc812fbd20395212969e41931001fd59eb55a60658b0e5710872e95286", size = 7083360 },
    { url = "https://files.pythonhosted.org/packages/5e/26/d325f9f56c7e039034897e7380e9cc202b1e368bfd04d4cbe6a441f02885/pillow-12.2.0-cp314-cp314-musllinux_1_2_aarch64.whl", hash = "sha256:9aba9a17b623ef750a4d11b742cbafffeb48a869821252b30ee21b5e91392c50", size = 6507628 },
    { url = "https://files.pythonhosted.org/packages/5f/f7/769d5632ffb0988f1c5e7660b3e731e30f7f8ec4318e94d0a5d674eb65a4/pillow-12.2.0-cp314-cp314-musllinux_1_2_x86_64.whl", hash = "sha256:deede7c263feb25dba4e82ea23058a235dcc2fe1f6021025dc71f2b618e26104", size = 7209321 },
    { url = "https://files.pythonhosted.org/packages/b6/ab/1b426a3974cb0e7da5c29ccff4807871d48110933a57207b5a676cccc155/pillow-12.2.0-cp314-cp314t-macosx_10_15_x86_64.whl", hash = "sha256:57850958fe9c751670e49b2cecf6294acc99e562531f4bd317fa5ddee2068463", size = 5314225 },
    { url = "https://files.pythonhosted.org/packages/19/1e/dce46f371be2438eecfee2a1960ee2a243bbe5e961890146d2dee1ff0f12/pillow-12.2.0-cp314-cp314t-macosx_11_0_arm64.whl", hash = "sha256:d5d38f1411c0ed9f97bcb49b7bd59b6b7c314e0e27420e34d99d844b9ce3b6f3", size = 4698541 },
    { url = "https://files.pythonhosted.org/packages/55/c3/7fbecf70adb3a0c33b77a300dc52e424dc22ad8cdc06557a2e49523b703d/pillow-12.2.0-cp314-cp314t-manylinux2014_aarch64.manylinux_2_17_aarch64.whl", hash = "sha256:5c0a9f29ca8e79f09de89293f82fc9b0270bb4af1d58bc98f540cc4aedf03166", size = 6322251 },
    { url = "https://files.pythonhosted.org/packages/1c/3c/7fbc17cfb7e4fe0ef1642e0abc17fc6c94c9f7a16be41498e12e2ba60408/pillow-12.2.0-cp314-cp314t-manylinux2014_x86_64.manylinux_2_17_x86_64.whl", hash = "sha256:1610dd6c61621ae1cf811bef44d77e149ce3f7b95afe66a4512f8c59f25d9ebe", size = 8127807 },
    { url = "https://files.pythonhosted.org/packages/ff/c3/a8ae14d6defd2e448493ff512fae903b1e9bd40b72efb6ec55ce0048c8ce/pillow-12.2.0-cp314-cp314t-manylinux_2_27_aarch64.manylinux_2_28_aarch64.whl", hash = "sha256:0a34329707af4f73cf1782a36cd2289c0368880654a2c11f027bcee9052d35dd", size = 6433935 },
    { url = "https://files.pythonhosted.org/packages/6e/32/2880fb3a074847ac159d8f902cb43278a61e85f681661e7419e6596803ed/pillow-12.2.0-cp314-cp314t-manylinux_2_27_x86_64.manylinux_2_28_x86_64.whl", hash = "sha256:8e9c4f5b3c546fa3458a29ab22646c1c6c787ea8f5ef51300e5a60300736905e", size = 7116720 },
    { url = "https://files.pythonhosted.org/packages/46/87/495cc9c30e0129501643f24d320076f4cc54f718341df18cc70ec94c44e1/pillow-12.2.0-cp314-cp314t-musllinux_1_2_aarch64.whl", hash = "sha256:fb043ee2f06b41473269765c2feae53fc2e2fbf96e5e22ca94fb5ad677856f06", size = 6540498 },
    { url = "https://files.pythonhosted.org/packages/18/53/773f5edca692009d883a72211b60fdaf8871cbef075eaa9d577f0a2f989e/pillow-12.2.0-cp314-cp314t-musllinux_1_2_x86_64.whl", hash = "sha256:f278f034eb75b4e8a13a54a876cc4a5ab39173d2cdd93a638e1b467fc545ac43", size = 7239413 },
]

[[package]]
name = "playwright"
version = "1.58.0"
source = { registry = "https://pypi.org/simple" }
dependencies = [
    { name = "greenlet", marker = "sys_platform == 'darwin'" },
    { name = "pyee", marker = "sys_platform == 'darwin'" },
]
wheels = [
    { url = "https://files.pythonhosted.org/packages/f8/c9/9c6061d5703267f1baae6a4647bfd1862e386fbfdb97d889f6f6ae9e3f64/playwright-1.58.0-py3-none-macosx_10_13_x86_64.whl", hash = "sha256:96e3204aac292ee639edbfdef6298b4be2ea0a55a16b7068df91adac077cc606", size = 42251098 },
    { url = "https://files.pythonhosted.org/packages/e0/40/59d34a756e02f8c670f0fee987d46f7ee53d05447d43cd114ca015cb168c/playwright-1.58.0-py3-none-macosx_11_0_arm64.whl", hash = "sha256:70c763694739d28df71ed578b9c8202bb83e8fe8fb9268c04dd13afe36301f71", size = 41039625 },
    { url = "https://files.pythonhosted.org/packages/e1/ee/3ce6209c9c74a650aac9028c621f357a34ea5cd4d950700f8e2c4b7fe2c4/playwright-1.58.0-py3-none-macosx_11_0_universal2.whl", hash = "sha256:185e0132578733d02802dfddfbbc35f42be23a45ff49ccae5081f25952238117", size = 42251098 },
]

[[package]]
name = "pyee"
version = "13.0.0"
source = { registry = "https://pypi.org/simple" }
dependencies = [
    { name = "typing-extensions", marker = "sys_platform == 'darwin'" },
]
sdist = { url = "https://files.pythonhosted.org/packages/95/03/1fd98d5841cd7964a27d729ccf2199602fe05eb7a405c1462eb7277945ed/pyee-13.0.0.tar.gz", hash = "sha256:b391e3c5a434d1f5118a25615001dbc8f669cf410ab67d04c4d4e07c55481c37", size = 31250 }
wheels = [
    { url = "https://files.pythonhosted.org/packages/9b/4d/b9add7c84060d4c1906abe9a7e5359f2a60f7a9a4f67268b2766673427d8/pyee-13.0.0-py3-none-any.whl", hash = "sha256:48195a3cddb3b1515ce0695ed76036b5ccc2ef3a9f963ff9f77aec0139845498", size = 15730 },
]

[[package]]
name = "pypdf"
version = "6.14.2"
source = { registry = "https://pypi.org/simple" }
sdist = { url = "https://files.pythonhosted.org/packages/03/72/7dfd5ff1c9c37de97a731701f51af091325f123d9d4270361c9c69e4431f/pypdf-6.14.2.tar.gz", hash = "sha256:7873f502fe4385e79539b21d872392dc0c4e3714327c15881cbc7fbfd1f95b25", size = 6491182 }
wheels = [
    { url = "https://files.pythonhosted.org/packages/49/e6/136aa8993a2ae7214e0b0ef2edaa0d2e08d1d4e4982635b08a835ff31ec8/pypdf-6.14.2-py3-none-any.whl", hash = "sha256:3f07891af76dc002657e04993ab9b4de81de29f9013b9761d0b7968bff12e946", size = 349514 },
]

[[package]]
name = "python-pptx"
version = "1.0.2"
source = { registry = "https://pypi.org/simple" }
dependencies = [
    { name = "lxml", marker = "sys_platform == 'darwin' or sys_platform == 'linux'" },
    { name = "pillow", marker = "sys_platform == 'darwin' or sys_platform == 'linux'" },
    { name = "typing-extensions", marker = "sys_platform == 'darwin' or sys_platform == 'linux'" },
    { name = "xlsxwriter", marker = "sys_platform == 'darwin' or sys_platform == 'linux'" },
]
sdist = { url = "https://files.pythonhosted.org/packages/52/a9/0c0db8d37b2b8a645666f7fd8accea4c6224e013c42b1d5c17c93590cd06/python_pptx-1.0.2.tar.gz", hash = "sha256:479a8af0eaf0f0d76b6f00b0887732874ad2e3188230315290cd1f9dd9cc7095", size = 10109297 }
wheels = [
    { url = "https://files.pythonhosted.org/packages/d9/4f/00be2196329ebbff56ce564aa94efb0fbc828d00de250b1980de1a34ab49/python_pptx-1.0.2-py3-none-any.whl", hash = "sha256:160838e0b8565a8b1f67947675886e9fea18aa5e795db7ae531606d68e785cba", size = 472788 },
]

[[package]]
name = "scripts"
version = "0.1.0"
source = { virtual = "." }
dependencies = [
    { name = "lxml", marker = "sys_platform == 'darwin' or sys_platform == 'linux'" },
    { name = "pillow", marker = "sys_platform == 'darwin' or sys_platform == 'linux'" },
    { name = "playwright", marker = "sys_platform == 'darwin'" },
    { name = "pypdf", marker = "sys_platform == 'darwin' or sys_platform == 'linux'" },
    { name = "python-pptx", marker = "sys_platform == 'darwin' or sys_platform == 'linux'" },
]

[package.metadata]
requires-dist = [
    { name = "lxml", specifier = ">=6.1.0" },
    { name = "pillow", specifier = ">=12.2.0" },
    { name = "playwright", marker = "sys_platform == 'darwin'", specifier = ">=1.58.0" },
    { name = "pypdf", specifier = ">=4.0.0" },
    { name = "python-pptx", specifier = ">=1.0.2" },
]

[[package]]
name = "typing-extensions"
version = "4.15.0"
source = { registry = "https://pypi.org/simple" }
sdist = { url = "https://files.pythonhosted.org/packages/72/94/1a15dd82efb362ac84269196e94cf00f187f7ed21c242792a923cdb1c61f/typing_extensions-4.15.0.tar.gz", hash = "sha256:0cea48d173cc12fa28ecabc3b837ea3cf6f38c6d1136f85cbaaf598984861466", size = 109391 }
wheels = [
    { url = "https://files.pythonhosted.org/packages/18/67/36e9267722cc04a6b9f15c7f3441c2363321a3ea07da7ae0c0707beb2a9c/typing_extensions-4.15.0-py3-none-any.whl", hash = "sha256:f0fa19c6845758ab08074a0cfa8b7aecb71c999ca73d62883bc25cc018c4e548", size = 44614 },
]

[[package]]
name = "xlsxwriter"
version = "3.2.9"
source = { registry = "https://pypi.org/simple" }
sdist = { url = "https://files.pythonhosted.org/packages/46/2c/c06ef49dc36e7954e55b802a8b231770d286a9758b3d936bd1e04ce5ba88/xlsxwriter-3.2.9.tar.gz", hash = "sha256:254b1c37a368c444eac6e2f867405cc9e461b0ed97a3233b2ac1e574efb4140c", size = 215940 }
wheels = [
    { url = "https://files.pythonhosted.org/packages/3a/0c/3662f4a66880196a590b202f0db82d919dd2f89e99a27fadef91c4a33d41/xlsxwriter-3.2.9-py3-none-any.whl", hash = "sha256:9a5db42bc5dff014806c58a20b9eae7322a134abb6fce3c92c181bfb275ec5b3", size = 175315 },
]
