{
  "originHash" : "1a3995cb15874518a4975c8add6f3c6b55612f123cb82e0a38cc896dc0e0830d",
  "pins" : [
    {
      "identity" : "swift-syntax",
      "kind" : "remoteSourceControl",
      "location" : "https://github.com/swiftlang/swift-syntax.git",
      "state" : {
        "revision" : "0687f71944021d616d34d922343dcef086855920",
        "version" : "600.0.1"
      }
    },
    {
      "identity" : "swift-testing",
      "kind" : "remoteSourceControl",
      "location" : "https://github.com/swiftlang/swift-testing.git",
      "state" : {
        "revision" : "c55848b2aa4b29a4df542b235dfdd792a6fbe341",
        "version" : "0.12.0"
      }
    }
  ],
  "version" : 3
}
